
Microsoft Visual Studio Solution File, Format Version 12.00
# Visual Studio 15
VisualStudioVersion = 15.0.27703.2042
MinimumVisualStudioVersion = 10.0.40219.1
Project("{FAE04EC0-301F-11D3-BF4B-00C04F79EFBC}") = "CustomerApi", "CustomerApi\CustomerApi.csproj", "{B24031F0-D822-447A-BD41-06BAD61C4FF4}"
EndProject
Global
	GlobalSection(SolutionConfigurationPlatforms) = preSolution
		Debug|Any CPU = Debug|Any CPU
		Release|Any CPU = Release|Any CPU
	EndGlobalSection
	GlobalSection(ProjectConfigurationPlatforms) = postSolution
		{B24031F0-D822-447A-BD41-06BAD61C4FF4}.Debug|Any CPU.ActiveCfg = Debug|Any CPU
		{B24031F0-D822-447A-BD41-06BAD61C4FF4}.Debug|Any CPU.Build.0 = Debug|Any CPU
		{B24031F0-D822-447A-BD41-06BAD61C4FF4}.Release|Any CPU.ActiveCfg = Release|Any CPU
		{B24031F0-D822-447A-BD41-06BAD61C4FF4}.Release|Any CPU.Build.0 = Release|Any CPU
	EndGlobalSection
	GlobalSection(SolutionProperties) = preSolution
		HideSolutionNode = FALSE
	EndGlobalSection
	GlobalSection(ExtensibilityGlobals) = postSolution
		SolutionGuid = {B1A1A4E5-9584-43D5-8857-3B83702F5F16}
	EndGlobalSection
EndGlobal
