
Microsoft Visual Studio Solution File, Format Version 12.00
# Visual Studio 15
VisualStudioVersion = 15.0.27703.2042
MinimumVisualStudioVersion = 10.0.40219.1
Project("{9A19103F-16F7-4668-BE54-9A1E7A4F7556}") = "ClientApp", "ClientApp\ClientApp.csproj", "{FFB16A44-94ED-4997-A89A-DD8B204E4F82}"
EndProject
Project("{FAE04EC0-301F-11D3-BF4B-00C04F79EFBC}") = "ClientApp.tests", "ClientApp.tests\ClientApp.tests.csproj", "{1976ACDA-D3C6-4F36-BB04-67361DB27BDD}"
EndProject
Project("{FAE04EC0-301F-11D3-BF4B-00C04F79EFBC}") = "Meteo", "Meteo\Meteo.csproj", "{1C91176C-7341-4886-8527-C1A11936E6AB}"
EndProject
Global
	GlobalSection(SolutionConfigurationPlatforms) = preSolution
		Debug|Any CPU = Debug|Any CPU
		Release|Any CPU = Release|Any CPU
	EndGlobalSection
	GlobalSection(ProjectConfigurationPlatforms) = postSolution
		{FFB16A44-94ED-4997-A89A-DD8B204E4F82}.Debug|Any CPU.ActiveCfg = Debug|Any CPU
		{FFB16A44-94ED-4997-A89A-DD8B204E4F82}.Debug|Any CPU.Build.0 = Debug|Any CPU
		{FFB16A44-94ED-4997-A89A-DD8B204E4F82}.Release|Any CPU.ActiveCfg = Release|Any CPU
		{FFB16A44-94ED-4997-A89A-DD8B204E4F82}.Release|Any CPU.Build.0 = Release|Any CPU
		{1976ACDA-D3C6-4F36-BB04-67361DB27BDD}.Debug|Any CPU.ActiveCfg = Debug|Any CPU
		{1976ACDA-D3C6-4F36-BB04-67361DB27BDD}.Debug|Any CPU.Build.0 = Debug|Any CPU
		{1976ACDA-D3C6-4F36-BB04-67361DB27BDD}.Release|Any CPU.ActiveCfg = Release|Any CPU
		{1976ACDA-D3C6-4F36-BB04-67361DB27BDD}.Release|Any CPU.Build.0 = Release|Any CPU
		{1C91176C-7341-4886-8527-C1A11936E6AB}.Debug|Any CPU.ActiveCfg = Debug|Any CPU
		{1C91176C-7341-4886-8527-C1A11936E6AB}.Debug|Any CPU.Build.0 = Debug|Any CPU
		{1C91176C-7341-4886-8527-C1A11936E6AB}.Release|Any CPU.ActiveCfg = Release|Any CPU
		{1C91176C-7341-4886-8527-C1A11936E6AB}.Release|Any CPU.Build.0 = Release|Any CPU
	EndGlobalSection
	GlobalSection(SolutionProperties) = preSolution
		HideSolutionNode = FALSE
	EndGlobalSection
	GlobalSection(ExtensibilityGlobals) = postSolution
		SolutionGuid = {155E757B-F423-41DE-9F1B-8A193A098491}
	EndGlobalSection
EndGlobal
